
Microsoft Visual Studio Solution File, Format Version 12.00
# Visual Studio 15
Project("{FAE04EC0-301F-11D3-BF4B-00C04F79EFBC}") = "Assembly-CSharp", "Assembly-CSharp.csproj", "{AA5C8223-067E-EEED-F6F4-AED0FBD64320}"
EndProject
Project("{FAE04EC0-301F-11D3-BF4B-00C04F79EFBC}") = "Assembly-CSharp-Editor", "Assembly-CSharp-Editor.csproj", "{EBF37AAB-BD09-286D-53E9-9855620CE7B6}"
EndProject
Global
	GlobalSection(SolutionConfigurationPlatforms) = preSolution
		Debug|Any CPU = Debug|Any CPU
		Release|Any CPU = Release|Any CPU
	EndGlobalSection
	GlobalSection(ProjectConfigurationPlatforms) = postSolution
		{AA5C8223-067E-EEED-F6F4-AED0FBD64320}.Debug|Any CPU.ActiveCfg = Debug|Any CPU
		{AA5C8223-067E-EEED-F6F4-AED0FBD64320}.Debug|Any CPU.Build.0 = Debug|Any CPU
		{AA5C8223-067E-EEED-F6F4-AED0FBD64320}.Release|Any CPU.ActiveCfg = Release|Any CPU
		{AA5C8223-067E-EEED-F6F4-AED0FBD64320}.Release|Any CPU.Build.0 = Release|Any CPU
		{EBF37AAB-BD09-286D-53E9-9855620CE7B6}.Debug|Any CPU.ActiveCfg = Debug|Any CPU
		{EBF37AAB-BD09-286D-53E9-9855620CE7B6}.Debug|Any CPU.Build.0 = Debug|Any CPU
		{EBF37AAB-BD09-286D-53E9-9855620CE7B6}.Release|Any CPU.ActiveCfg = Release|Any CPU
		{EBF37AAB-BD09-286D-53E9-9855620CE7B6}.Release|Any CPU.Build.0 = Release|Any CPU
	EndGlobalSection
	GlobalSection(SolutionProperties) = preSolution
		HideSolutionNode = FALSE
	EndGlobalSection
	GlobalSection(MonoDevelopProperties) = preSolution
		StartupItem = Assembly-CSharp.csproj
	EndGlobalSection
EndGlobal
